
Microsoft Visual Studio Solution File, Format Version 12.00
# Visual Studio Version 17
VisualStudioVersion = 17.8.34525.116
MinimumVisualStudioVersion = 10.0.40219.1
Project("{FAE04EC0-301F-11D3-BF4B-00C04F79EFBC}") = "Assignment1", "Assignment1\Assignment1.csproj", "{215CE4D0-14F2-413B-86AA-29B4813E0BB6}"
EndProject
Project("{FAE04EC0-301F-11D3-BF4B-00C04F79EFBC}") = "Presidential", "Presidential\Presidential.csproj", "{1AE89672-7E40-4E16-B370-9D9E61A0E9B4}"
EndProject
Project("{FAE04EC0-301F-11D3-BF4B-00C04F79EFBC}") = "WindowsFormsControlLibrary1", "WindowsFormsControlLibrary1\WindowsFormsControlLibrary1.csproj", "{6A53F9E5-658E-4587-B6BC-CEBFACCD6377}"
EndProject
Global
	GlobalSection(SolutionConfigurationPlatforms) = preSolution
		Debug|Any CPU = Debug|Any CPU
		Release|Any CPU = Release|Any CPU
	EndGlobalSection
	GlobalSection(ProjectConfigurationPlatforms) = postSolution
		{215CE4D0-14F2-413B-86AA-29B4813E0BB6}.Debug|Any CPU.ActiveCfg = Debug|Any CPU
		{215CE4D0-14F2-413B-86AA-29B4813E0BB6}.Debug|Any CPU.Build.0 = Debug|Any CPU
		{215CE4D0-14F2-413B-86AA-29B4813E0BB6}.Release|Any CPU.ActiveCfg = Release|Any CPU
		{215CE4D0-14F2-413B-86AA-29B4813E0BB6}.Release|Any CPU.Build.0 = Release|Any CPU
		{1AE89672-7E40-4E16-B370-9D9E61A0E9B4}.Debug|Any CPU.ActiveCfg = Debug|Any CPU
		{1AE89672-7E40-4E16-B370-9D9E61A0E9B4}.Debug|Any CPU.Build.0 = Debug|Any CPU
		{1AE89672-7E40-4E16-B370-9D9E61A0E9B4}.Release|Any CPU.ActiveCfg = Release|Any CPU
		{1AE89672-7E40-4E16-B370-9D9E61A0E9B4}.Release|Any CPU.Build.0 = Release|Any CPU
		{6A53F9E5-658E-4587-B6BC-CEBFACCD6377}.Debug|Any CPU.ActiveCfg = Debug|Any CPU
		{6A53F9E5-658E-4587-B6BC-CEBFACCD6377}.Debug|Any CPU.Build.0 = Debug|Any CPU
		{6A53F9E5-658E-4587-B6BC-CEBFACCD6377}.Release|Any CPU.ActiveCfg = Release|Any CPU
		{6A53F9E5-658E-4587-B6BC-CEBFACCD6377}.Release|Any CPU.Build.0 = Release|Any CPU
	EndGlobalSection
	GlobalSection(SolutionProperties) = preSolution
		HideSolutionNode = FALSE
	EndGlobalSection
	GlobalSection(ExtensibilityGlobals) = postSolution
		SolutionGuid = {B2C3F335-9B0B-4ED5-A8EC-B7658AD6FE95}
	EndGlobalSection
EndGlobal
