
Microsoft Visual Studio Solution File, Format Version 12.00
# Visual Studio Version 16
VisualStudioVersion = 16.0.34601.136
MinimumVisualStudioVersion = 10.0.40219.1
Project("{FAE04EC0-301F-11D3-BF4B-00C04F79EFBC}") = "Assignment4", "Assignment4.csproj", "{CDC33B8C-7C39-4E8F-827D-F5C9CF30E8DD}"
EndProject
Global
	GlobalSection(SolutionConfigurationPlatforms) = preSolution
		Debug|Any CPU = Debug|Any CPU
		Release|Any CPU = Release|Any CPU
	EndGlobalSection
	GlobalSection(ProjectConfigurationPlatforms) = postSolution
		{CDC33B8C-7C39-4E8F-827D-F5C9CF30E8DD}.Debug|Any CPU.ActiveCfg = Debug|Any CPU
		{CDC33B8C-7C39-4E8F-827D-F5C9CF30E8DD}.Debug|Any CPU.Build.0 = Debug|Any CPU
		{CDC33B8C-7C39-4E8F-827D-F5C9CF30E8DD}.Release|Any CPU.ActiveCfg = Release|Any CPU
		{CDC33B8C-7C39-4E8F-827D-F5C9CF30E8DD}.Release|Any CPU.Build.0 = Release|Any CPU
	EndGlobalSection
	GlobalSection(SolutionProperties) = preSolution
		HideSolutionNode = FALSE
	EndGlobalSection
	GlobalSection(ExtensibilityGlobals) = postSolution
		SolutionGuid = {03464BFC-5E7C-49C9-95BB-CD89BEADF0AE}
	EndGlobalSection
EndGlobal
